
Microsoft Visual Studio Solution File, Format Version 12.00
# Visual Studio Version 16
VisualStudioVersion = 16.0.31424.327
MinimumVisualStudioVersion = 10.0.40219.1
Project("{FAE04EC0-301F-11D3-BF4B-00C04F79EFBC}") = "Chapter_04", "Chapter_04.csproj", "{5339BB3A-526D-4D97-81D4-FD19CEB2106E}"
EndProject
Global
	GlobalSection(SolutionConfigurationPlatforms) = preSolution
		Debug|Any CPU = Debug|Any CPU
		Release|Any CPU = Release|Any CPU
	EndGlobalSection
	GlobalSection(ProjectConfigurationPlatforms) = postSolution
		{5339BB3A-526D-4D97-81D4-FD19CEB2106E}.Debug|Any CPU.ActiveCfg = Debug|Any CPU
		{5339BB3A-526D-4D97-81D4-FD19CEB2106E}.Debug|Any CPU.Build.0 = Debug|Any CPU
		{5339BB3A-526D-4D97-81D4-FD19CEB2106E}.Release|Any CPU.ActiveCfg = Release|Any CPU
		{5339BB3A-526D-4D97-81D4-FD19CEB2106E}.Release|Any CPU.Build.0 = Release|Any CPU
	EndGlobalSection
	GlobalSection(SolutionProperties) = preSolution
		HideSolutionNode = FALSE
	EndGlobalSection
	GlobalSection(ExtensibilityGlobals) = postSolution
		SolutionGuid = {51AC48DC-2959-4A52-A827-55570B183D98}
	EndGlobalSection
EndGlobal
